
Microsoft Visual Studio Solution File, Format Version 12.00
# Visual Studio Version 16
VisualStudioVersion = 16.0.30804.86
MinimumVisualStudioVersion = 10.0.40219.1
Project("{9A19103F-16F7-4668-BE54-9A1E7A4F7556}") = "TemplateMaker.Console", "TemplateMaker.Console\TemplateMaker.Console.csproj", "{9208504F-03A6-4F17-8B92-DAE37F70ADFC}"
EndProject
Project("{FAE04EC0-301F-11D3-BF4B-00C04F79EFBC}") = "TemplateMaker.Viewer", "TemplateMaker.Viewer\TemplateMaker.Viewer.csproj", "{989E7A65-5717-441D-ABF4-4FC8370DD322}"
EndProject
Project("{9A19103F-16F7-4668-BE54-9A1E7A4F7556}") = "TemplateMaker", "TemplateMaker\TemplateMaker.csproj", "{FC764442-5DCF-4946-9C48-348585321455}"
EndProject
Project("{2150E333-8FDC-42A3-9474-1A3956D46DE8}") = "Providers", "Providers", "{ABD012A7-1456-4EE9-AC6A-777477D86085}"
EndProject
Global
	GlobalSection(SolutionConfigurationPlatforms) = preSolution
		Debug|Any CPU = Debug|Any CPU
		Release|Any CPU = Release|Any CPU
	EndGlobalSection
	GlobalSection(ProjectConfigurationPlatforms) = postSolution
		{9208504F-03A6-4F17-8B92-DAE37F70ADFC}.Debug|Any CPU.ActiveCfg = Debug|Any CPU
		{9208504F-03A6-4F17-8B92-DAE37F70ADFC}.Debug|Any CPU.Build.0 = Debug|Any CPU
		{9208504F-03A6-4F17-8B92-DAE37F70ADFC}.Release|Any CPU.ActiveCfg = Release|Any CPU
		{9208504F-03A6-4F17-8B92-DAE37F70ADFC}.Release|Any CPU.Build.0 = Release|Any CPU
		{989E7A65-5717-441D-ABF4-4FC8370DD322}.Debug|Any CPU.ActiveCfg = Debug|Any CPU
		{989E7A65-5717-441D-ABF4-4FC8370DD322}.Debug|Any CPU.Build.0 = Debug|Any CPU
		{989E7A65-5717-441D-ABF4-4FC8370DD322}.Release|Any CPU.ActiveCfg = Release|Any CPU
		{989E7A65-5717-441D-ABF4-4FC8370DD322}.Release|Any CPU.Build.0 = Release|Any CPU
		{FC764442-5DCF-4946-9C48-348585321455}.Debug|Any CPU.ActiveCfg = Debug|Any CPU
		{FC764442-5DCF-4946-9C48-348585321455}.Debug|Any CPU.Build.0 = Debug|Any CPU
		{FC764442-5DCF-4946-9C48-348585321455}.Release|Any CPU.ActiveCfg = Release|Any CPU
		{FC764442-5DCF-4946-9C48-348585321455}.Release|Any CPU.Build.0 = Release|Any CPU
	EndGlobalSection
	GlobalSection(SolutionProperties) = preSolution
		HideSolutionNode = FALSE
	EndGlobalSection
	GlobalSection(ExtensibilityGlobals) = postSolution
		SolutionGuid = {F15AAFF4-ABB2-4CF2-8AD0-C54DE906512B}
	EndGlobalSection
EndGlobal
